
Microsoft Visual Studio Solution File, Format Version 12.00
# Visual Studio Version 16
VisualStudioVersion = 16.0.30523.141
MinimumVisualStudioVersion = 10.0.40219.1
Project("{FAE04EC0-301F-11D3-BF4B-00C04F79EFBC}") = "QR", "QR\QR.csproj", "{6229D451-FB16-4A78-8495-BB0656D4DEED}"
EndProject
Global
	GlobalSection(SolutionConfigurationPlatforms) = preSolution
		Debug|Any CPU = Debug|Any CPU
		Release|Any CPU = Release|Any CPU
	EndGlobalSection
	GlobalSection(ProjectConfigurationPlatforms) = postSolution
		{6229D451-FB16-4A78-8495-BB0656D4DEED}.Debug|Any CPU.ActiveCfg = Debug|Any CPU
		{6229D451-FB16-4A78-8495-BB0656D4DEED}.Debug|Any CPU.Build.0 = Debug|Any CPU
		{6229D451-FB16-4A78-8495-BB0656D4DEED}.Release|Any CPU.ActiveCfg = Release|Any CPU
		{6229D451-FB16-4A78-8495-BB0656D4DEED}.Release|Any CPU.Build.0 = Release|Any CPU
	EndGlobalSection
	GlobalSection(SolutionProperties) = preSolution
		HideSolutionNode = FALSE
	EndGlobalSection
	GlobalSection(ExtensibilityGlobals) = postSolution
		SolutionGuid = {50141744-ADB8-4B83-AE3B-20E037DD2F29}
	EndGlobalSection
EndGlobal
